<?xml version="1.0" encoding="utf-8"?>
<Project ToolsVersion="4.0" xmlns="http://schemas.microsoft.com/developer/msbuild/2003">
  <ItemGroup>
    <Filter Include="Source Files">
      <UniqueIdentifier>{e88e7f3d-bf9e-4b43-a07c-636ff79103e9}</UniqueIdentifier>
      <Extensions>cpp;c;cxx;def;odl;idl;hpj;bat;asm</Extensions>
    </Filter>
    <Filter Include="Header Files">
      <UniqueIdentifier>{7d43a8d2-86fd-48a8-8194-a2f997c9d0fe}</UniqueIdentifier>
      <Extensions>h;hpp;hxx;hm;inl;inc</Extensions>
    </Filter>
    <Filter Include="Resource Files">
      <UniqueIdentifier>{a52b299a-3988-4f6d-a80b-b99b00de637c}</UniqueIdentifier>
      <Extensions>rc;ico;cur;bmp;dlg;rc2;rct;bin;rgs;jpg;jpeg;jpe;manifest</Extensions>
    </Filter>
  </ItemGroup>
  <ItemGroup>
    <ClCompile Include="stdafx.cpp">
      <Filter>Source Files</Filter>
    </ClCompile>
    <ClCompile Include="ImageArrangement.cpp">
      <Filter>Source Files</Filter>
    </ClCompile>
    <ClCompile Include="Utility.cpp">
      <Filter>Header Files</Filter>
    </ClCompile>
    <ClCompile Include="MainFrm.cpp">
      <Filter>Header Files</Filter>
    </ClCompile>
    <ClCompile Include="GdiplusUtil.cpp">
      <Filter>Header Files</Filter>
    </ClCompile>
    <ClCompile Include="ImageArrangementView.cpp">
      <Filter>Header Files</Filter>
    </ClCompile>
    <ClCompile Include="Migemo.cpp">
      <Filter>Header Files</Filter>
    </ClCompile>
    <ClCompile Include="CandidateWindow.cpp">
      <Filter>Source Files</Filter>
    </ClCompile>
    <ClCompile Include="ConfigDialog.cpp">
      <Filter>Header Files</Filter>
    </ClCompile>
    <ClCompile Include="RenameDialog.cpp">
      <Filter>Source Files</Filter>
    </ClCompile>
  </ItemGroup>
  <ItemGroup>
    <ClInclude Include="stdafx.h">
      <Filter>Header Files</Filter>
    </ClInclude>
    <ClInclude Include="MainFrm.h">
      <Filter>Header Files</Filter>
    </ClInclude>
    <ClInclude Include="ImageArrangementView.h">
      <Filter>Header Files</Filter>
    </ClInclude>
    <ClInclude Include="AboutDlg.h">
      <Filter>Header Files</Filter>
    </ClInclude>
    <ClInclude Include="resource.h">
      <Filter>Header Files</Filter>
    </ClInclude>
    <ClInclude Include="ptreeWrapper.h">
      <Filter>Header Files</Filter>
    </ClInclude>
    <ClInclude Include="Utility.h">
      <Filter>Header Files</Filter>
    </ClInclude>
    <ClInclude Include="GdiplusUtil.h">
      <Filter>Header Files</Filter>
    </ClInclude>
    <ClInclude Include="Migemo.h">
      <Filter>Header Files</Filter>
    </ClInclude>
    <ClInclude Include="CandidateWindow.h">
      <Filter>Header Files</Filter>
    </ClInclude>
    <ClInclude Include="ConfigDialog.h">
      <Filter>Header Files</Filter>
    </ClInclude>
    <ClInclude Include="DropHanler.h">
      <Filter>Header Files</Filter>
    </ClInclude>
    <ClInclude Include="AppConst.h">
      <Filter>Header Files</Filter>
    </ClInclude>
    <ClInclude Include="RenameDialog.h">
      <Filter>Header Files</Filter>
    </ClInclude>
  </ItemGroup>
  <ItemGroup>
    <ResourceCompile Include="ImageArrangement.rc">
      <Filter>Resource Files</Filter>
    </ResourceCompile>
  </ItemGroup>
  <ItemGroup>
    <Image Include="res\toolbar.bmp">
      <Filter>Resource Files</Filter>
    </Image>
    <Image Include="res\ImageArrangement.ico">
      <Filter>Resource Files</Filter>
    </Image>
  </ItemGroup>
</Project>